
Microsoft Visual Studio Solution File, Format Version 12.00
# Visual Studio Version 16
VisualStudioVersion = 16.0.31313.79
MinimumVisualStudioVersion = 10.0.40219.1
Project("{9A19103F-16F7-4668-BE54-9A1E7A4F7556}") = "BlazorApi", "BlazorApi.csproj", "{497C5531-C05D-4A27-A009-0605AB94D659}"
EndProject
Global
	GlobalSection(SolutionConfigurationPlatforms) = preSolution
		Debug|Any CPU = Debug|Any CPU
		Release|Any CPU = Release|Any CPU
	EndGlobalSection
	GlobalSection(ProjectConfigurationPlatforms) = postSolution
		{497C5531-C05D-4A27-A009-0605AB94D659}.Debug|Any CPU.ActiveCfg = Debug|Any CPU
		{497C5531-C05D-4A27-A009-0605AB94D659}.Debug|Any CPU.Build.0 = Debug|Any CPU
		{497C5531-C05D-4A27-A009-0605AB94D659}.Release|Any CPU.ActiveCfg = Release|Any CPU
		{497C5531-C05D-4A27-A009-0605AB94D659}.Release|Any CPU.Build.0 = Release|Any CPU
	EndGlobalSection
	GlobalSection(SolutionProperties) = preSolution
		HideSolutionNode = FALSE
	EndGlobalSection
	GlobalSection(ExtensibilityGlobals) = postSolution
		SolutionGuid = {8212EF93-1741-4666-A97C-A55D5DAD5F16}
	EndGlobalSection
EndGlobal
